
Microsoft Visual Studio Solution File, Format Version 12.00
# Visual Studio 2013
VisualStudioVersion = 12.0.21005.1
MinimumVisualStudioVersion = 10.0.40219.1
Project("{FAE04EC0-301F-11D3-BF4B-00C04F79EFBC}") = "WebAppTest", "WebAppTest\WebAppTest.csproj", "{293EBD07-1E1C-42A6-9ACA-59AEF4D31497}"
EndProject
Project("{FAE04EC0-301F-11D3-BF4B-00C04F79EFBC}") = "WebAppTest.Tests", "..\Projects\WebAppTest\WebAppTest.Tests\WebAppTest.Tests.csproj", "{6A0D726D-320B-474C-BEA2-0686611B2823}"
EndProject
Global
	GlobalSection(SolutionConfigurationPlatforms) = preSolution
		Debug|Any CPU = Debug|Any CPU
		Release|Any CPU = Release|Any CPU
	EndGlobalSection
	GlobalSection(ProjectConfigurationPlatforms) = postSolution
		{293EBD07-1E1C-42A6-9ACA-59AEF4D31497}.Debug|Any CPU.ActiveCfg = Debug|Any CPU
		{293EBD07-1E1C-42A6-9ACA-59AEF4D31497}.Debug|Any CPU.Build.0 = Debug|Any CPU
		{293EBD07-1E1C-42A6-9ACA-59AEF4D31497}.Release|Any CPU.ActiveCfg = Release|Any CPU
		{293EBD07-1E1C-42A6-9ACA-59AEF4D31497}.Release|Any CPU.Build.0 = Release|Any CPU
		{6A0D726D-320B-474C-BEA2-0686611B2823}.Debug|Any CPU.ActiveCfg = Debug|Any CPU
		{6A0D726D-320B-474C-BEA2-0686611B2823}.Debug|Any CPU.Build.0 = Debug|Any CPU
		{6A0D726D-320B-474C-BEA2-0686611B2823}.Release|Any CPU.ActiveCfg = Release|Any CPU
		{6A0D726D-320B-474C-BEA2-0686611B2823}.Release|Any CPU.Build.0 = Release|Any CPU
	EndGlobalSection
	GlobalSection(SolutionProperties) = preSolution
		HideSolutionNode = FALSE
	EndGlobalSection
EndGlobal
