
Microsoft Visual Studio Solution File, Format Version 11.00
# Visual Studio 2010
Project("{FAE04EC0-301F-11D3-BF4B-00C04F79EFBC}") = "Thread3", "Thread3\Thread3.csproj", "{4E9D563F-F1E8-43B8-AF1E-4234D891E182}"
EndProject
Global
	GlobalSection(SolutionConfigurationPlatforms) = preSolution
		Debug|Any CPU = Debug|Any CPU
		Release|Any CPU = Release|Any CPU
	EndGlobalSection
	GlobalSection(ProjectConfigurationPlatforms) = postSolution
		{4E9D563F-F1E8-43B8-AF1E-4234D891E182}.Debug|Any CPU.ActiveCfg = Debug|Any CPU
		{4E9D563F-F1E8-43B8-AF1E-4234D891E182}.Debug|Any CPU.Build.0 = Debug|Any CPU
		{4E9D563F-F1E8-43B8-AF1E-4234D891E182}.Release|Any CPU.ActiveCfg = Release|Any CPU
		{4E9D563F-F1E8-43B8-AF1E-4234D891E182}.Release|Any CPU.Build.0 = Release|Any CPU
	EndGlobalSection
	GlobalSection(SolutionProperties) = preSolution
		HideSolutionNode = FALSE
	EndGlobalSection
EndGlobal
