
Microsoft Visual Studio Solution File, Format Version 12.00
# Visual Studio 2013
VisualStudioVersion = 12.0.21005.1
MinimumVisualStudioVersion = 10.0.40219.1
Project("{FAE04EC0-301F-11D3-BF4B-00C04F79EFBC}") = "binaryTree", "binaryTree.csproj", "{C5FE9E5E-0570-464E-B729-B224633AD540}"
EndProject
Global
	GlobalSection(SolutionConfigurationPlatforms) = preSolution
		Debug|Any CPU = Debug|Any CPU
		Release|Any CPU = Release|Any CPU
	EndGlobalSection
	GlobalSection(ProjectConfigurationPlatforms) = postSolution
		{C5FE9E5E-0570-464E-B729-B224633AD540}.Debug|Any CPU.ActiveCfg = Debug|Any CPU
		{C5FE9E5E-0570-464E-B729-B224633AD540}.Debug|Any CPU.Build.0 = Debug|Any CPU
		{C5FE9E5E-0570-464E-B729-B224633AD540}.Release|Any CPU.ActiveCfg = Release|Any CPU
		{C5FE9E5E-0570-464E-B729-B224633AD540}.Release|Any CPU.Build.0 = Release|Any CPU
	EndGlobalSection
	GlobalSection(SolutionProperties) = preSolution
		HideSolutionNode = FALSE
	EndGlobalSection
EndGlobal
