
Microsoft Visual Studio Solution File, Format Version 12.00
# Visual Studio 2012
Project("{FAE04EC0-301F-11D3-BF4B-00C04F79EFBC}") = "Mit_MVC", "Mit_MVC\Mit_MVC.csproj", "{7CF17714-16AD-487A-B4AB-45860E980691}"
EndProject
Global
	GlobalSection(SolutionConfigurationPlatforms) = preSolution
		Debug|Any CPU = Debug|Any CPU
		Release|Any CPU = Release|Any CPU
	EndGlobalSection
	GlobalSection(ProjectConfigurationPlatforms) = postSolution
		{7CF17714-16AD-487A-B4AB-45860E980691}.Debug|Any CPU.ActiveCfg = Debug|Any CPU
		{7CF17714-16AD-487A-B4AB-45860E980691}.Debug|Any CPU.Build.0 = Debug|Any CPU
		{7CF17714-16AD-487A-B4AB-45860E980691}.Release|Any CPU.ActiveCfg = Release|Any CPU
		{7CF17714-16AD-487A-B4AB-45860E980691}.Release|Any CPU.Build.0 = Release|Any CPU
	EndGlobalSection
	GlobalSection(SolutionProperties) = preSolution
		HideSolutionNode = FALSE
	EndGlobalSection
EndGlobal
